
Microsoft Visual Studio Solution File, Format Version 12.00
# Visual Studio 2017
Project("{FAE04EC0-301F-11D3-BF4B-00C04F79EFBC}") = "AStarProject", "AStarProject.csproj", "{A1D69FA2-D977-87B4-8C98-F1817BC3504B}"
EndProject
Global
	GlobalSection(SolutionConfigurationPlatforms) = preSolution
		Debug|Any CPU = Debug|Any CPU
		Release|Any CPU = Release|Any CPU
	EndGlobalSection
	GlobalSection(ProjectConfigurationPlatforms) = postSolution
		{A1D69FA2-D977-87B4-8C98-F1817BC3504B}.Debug|Any CPU.ActiveCfg = Debug|Any CPU
		{A1D69FA2-D977-87B4-8C98-F1817BC3504B}.Debug|Any CPU.Build.0 = Debug|Any CPU
		{A1D69FA2-D977-87B4-8C98-F1817BC3504B}.Release|Any CPU.ActiveCfg = Release|Any CPU
		{A1D69FA2-D977-87B4-8C98-F1817BC3504B}.Release|Any CPU.Build.0 = Release|Any CPU
	EndGlobalSection
	GlobalSection(SolutionProperties) = preSolution
		HideSolutionNode = FALSE
	EndGlobalSection
EndGlobal
